
Microsoft Visual Studio Solution File, Format Version 12.00
# Visual Studio Version 16
VisualStudioVersion = 16.0.29519.87
MinimumVisualStudioVersion = 10.0.40219.1
Project("{FAE04EC0-301F-11D3-BF4B-00C04F79EFBC}") = "Calculator", "Calculator\Calculator.csproj", "{6E5AB419-DE06-49E6-B447-CD00145835D6}"
EndProject
Project("{FAE04EC0-301F-11D3-BF4B-00C04F79EFBC}") = "Calculator.Core", "Calculator.Core\Calculator.Core.csproj", "{FE7CA6A9-C474-4F0A-9F12-085D6DEB3E41}"
EndProject
Project("{FAE04EC0-301F-11D3-BF4B-00C04F79EFBC}") = "CalculatorTests", "CalculatorTests\CalculatorTests.csproj", "{E6DE6CAA-D1E6-410A-8402-09C762A4F6AA}"
EndProject
Global
	GlobalSection(SolutionConfigurationPlatforms) = preSolution
		Debug|Any CPU = Debug|Any CPU
		Release|Any CPU = Release|Any CPU
	EndGlobalSection
	GlobalSection(ProjectConfigurationPlatforms) = postSolution
		{6E5AB419-DE06-49E6-B447-CD00145835D6}.Debug|Any CPU.ActiveCfg = Debug|Any CPU
		{6E5AB419-DE06-49E6-B447-CD00145835D6}.Debug|Any CPU.Build.0 = Debug|Any CPU
		{6E5AB419-DE06-49E6-B447-CD00145835D6}.Release|Any CPU.ActiveCfg = Release|Any CPU
		{6E5AB419-DE06-49E6-B447-CD00145835D6}.Release|Any CPU.Build.0 = Release|Any CPU
		{FE7CA6A9-C474-4F0A-9F12-085D6DEB3E41}.Debug|Any CPU.ActiveCfg = Debug|Any CPU
		{FE7CA6A9-C474-4F0A-9F12-085D6DEB3E41}.Debug|Any CPU.Build.0 = Debug|Any CPU
		{FE7CA6A9-C474-4F0A-9F12-085D6DEB3E41}.Release|Any CPU.ActiveCfg = Release|Any CPU
		{FE7CA6A9-C474-4F0A-9F12-085D6DEB3E41}.Release|Any CPU.Build.0 = Release|Any CPU
		{E6DE6CAA-D1E6-410A-8402-09C762A4F6AA}.Debug|Any CPU.ActiveCfg = Debug|Any CPU
		{E6DE6CAA-D1E6-410A-8402-09C762A4F6AA}.Debug|Any CPU.Build.0 = Debug|Any CPU
		{E6DE6CAA-D1E6-410A-8402-09C762A4F6AA}.Release|Any CPU.ActiveCfg = Release|Any CPU
		{E6DE6CAA-D1E6-410A-8402-09C762A4F6AA}.Release|Any CPU.Build.0 = Release|Any CPU
	EndGlobalSection
	GlobalSection(SolutionProperties) = preSolution
		HideSolutionNode = FALSE
	EndGlobalSection
	GlobalSection(ExtensibilityGlobals) = postSolution
		SolutionGuid = {CAC2B41D-2FC1-4C76-9A1E-5D235E848201}
	EndGlobalSection
EndGlobal
